
Microsoft Visual Studio Solution File, Format Version 12.00
# Visual Studio Version 16
VisualStudioVersion = 16.0.32228.343
MinimumVisualStudioVersion = 10.0.40219.1
Project("{FAE04EC0-301F-11D3-BF4B-00C04F79EFBC}") = "PigeonAssetManager", "PigeonAssetManager.csproj", "{E18E3983-8C4A-4D60-8985-776ADF743F91}"
EndProject
Global
	GlobalSection(SolutionConfigurationPlatforms) = preSolution
		Debug|Any CPU = Debug|Any CPU
		Release|Any CPU = Release|Any CPU
	EndGlobalSection
	GlobalSection(ProjectConfigurationPlatforms) = postSolution
		{E18E3983-8C4A-4D60-8985-776ADF743F91}.Debug|Any CPU.ActiveCfg = Debug|Any CPU
		{E18E3983-8C4A-4D60-8985-776ADF743F91}.Debug|Any CPU.Build.0 = Debug|Any CPU
		{E18E3983-8C4A-4D60-8985-776ADF743F91}.Release|Any CPU.ActiveCfg = Release|Any CPU
		{E18E3983-8C4A-4D60-8985-776ADF743F91}.Release|Any CPU.Build.0 = Release|Any CPU
	EndGlobalSection
	GlobalSection(SolutionProperties) = preSolution
		HideSolutionNode = FALSE
	EndGlobalSection
	GlobalSection(ExtensibilityGlobals) = postSolution
		SolutionGuid = {9F10D7CC-DC4E-4934-AF96-C6A7492DD52D}
	EndGlobalSection
EndGlobal
